github.com/alext/tablecloth v0.0.0-20150502092832-fbddb1a44a21 h1:oNDnuu3fHqcUrClLyfdUmugXioJorjZnCZkB5Hh3NQs=
github.com/alext/tablecloth v0.0.0-20150502092832-fbddb1a44a21/go.mod h1:jKjUrWeqND77iVx9JTIHBPwsFrcvHWg0+LinaAH6NXM=
github.com/globalsign/mgo v0.0.0-20181015135952-eeefdecb41b8 h1:DujepqpGd1hyOd7aW59XpK7Qymp8iy83xq74fLr21is=
github.com/globalsign/mgo v0.0.0-20181015135952-eeefdecb41b8/go.mod h1:xkRDCp4j0OGD1HRkm4kmhM+pmpv3AKq5SU7GMg4oO/Q=
github.com/golang/protobuf v0.0.0-20160712193813-874264fbbb43 h1:hqD5LoecFbk/F8KRMF5THTQDx6HLNdfCcth8BDpy6JQ=
github.com/golang/protobuf v0.0.0-20160712193813-874264fbbb43/go.mod h1:6lQm79b+lXiMfvg/cZm0SGofjICqVBUtrP5yJMmIC1U=
github.com/kr/pretty v0.1.0 h1:L/CwN0zerZDmRFUapSPitk6f+Q3+0za1rQkzVuMiMFI=
github.com/kr/pretty v0.1.0/go.mod h1:dAy3ld7l9f0ibDNOQOHHMYYIIbhfbHSm3C4ZsoJORNo=
github.com/kr/pty v1.1.1/go.mod h1:pFQYn66WHrOpPYNljwOMqo10TkYh1fy3cYio2l3bCsQ=
github.com/kr/text v0.1.0 h1:45sCR5RtlFHMR4UwH9sdQ5TC8v0qDQCHnXt+kaKSTVE=
github.com/kr/text v0.1.0/go.mod h1:4Jbv+DJW3UT/LiOwJeYQe1efqtUx/iVham/4vfdArNI=
github.com/onsi/ginkgo v0.0.0-20160716051733-7d3240191d7b h1:tQgOdRdXLi5UmMEBGnzt7AZ+lGaBuNUyLi9Ofvedeao=
github.com/onsi/ginkgo v0.0.0-20160716051733-7d3240191d7b/go.mod h1:lLunBs/Ym6LB5Z9jYTR76FiuTmxDTDusOGeTQH+WWjE=
github.com/onsi/gomega v0.0.0-20160713044445-9574b2d94c03 h1:0KuWmiYjZpQkXeyUgpH7dbSCPdNxZQOpsUuMNaYC0E8=
github.com/onsi/gomega v0.0.0-20160713044445-9574b2d94c03/go.mod h1:C1qb7wdrVGGVU+Z6iS04AVkA3Q65CEZX59MT0QO5uiA=
github.com/streadway/quantile v0.0.0-20150917103942-b0c588724d25 h1:7z3LSn867ex6VSaahyKadf4WtSsJIgne6A1WLOAGM8A=
github.com/streadway/quantile v0.0.0-20150917103942-b0c588724d25/go.mod h1:lbP8tGiBjZ5YWIc2fzuRpTaz0b/53vT6PEs3QuAWzuU=
github.com/tsenart/vegeta v0.0.0-20160525192120-dbb7ee1d3e54 h1:cAbFLD597fDhkRdQSZJE1wWvC/E2FpWE8lzYxhwrt00=
github.com/tsenart/vegeta v0.0.0-20160525192120-dbb7ee1d3e54/go.mod h1:Smz/ZWfhKRcyDDChZkG3CyTHdj87lHzio/HOCkbndXM=
golang.org/x/net v0.0.0-20160717224510-3797cd886499 h1:EfV4haOkND958KxlM3s4PO6DKIBWCFc+mO32uK6UjSo=
golang.org/x/net v0.0.0-20160717224510-3797cd886499/go.mod h1:mL1N/T3taQHkDXs73rZJwtUhF3w3ftmwwsq0BUmARs4=
golang.org/x/sys v0.0.0-20160717071931-a646d33e2ee3 h1:ZLExsLvnoqWSw6JB6k6RjWobIHGR3NG9dzVANJ7SVKc=
golang.org/x/sys v0.0.0-20160717071931-a646d33e2ee3/go.mod h1:STP8DvDyc/dI5b8T5hshtkjS+E42TnysNCUPdjciGhY=
gopkg.in/check.v1 v1.0.0-20180628173108-788fd7840127 h1:qIbj1fsPNlZgppZ+VLlY7N33q108Sa+fhmuc+sWQYwY=
gopkg.in/check.v1 v1.0.0-20180628173108-788fd7840127/go.mod h1:Co6ibVJAznAaIkqp8huTwlJQCZ016jof/cbN4VW5Yz0=
gopkg.in/mgo.v2 v2.0.0-20160609180028-29cc868a5ca6/go.mod h1:yeKp02qBN3iKW1OzL3MGk2IdtZzaj7SFntXj72NppTA=
gopkg.in/yaml.v2 v2.0.0-20160715033755-e4d366fc3c79 h1:mENkfeXGmLV7lIyBeNdwYWdONek7pH9yHaHMgZyvIWE=
gopkg.in/yaml.v2 v2.0.0-20160715033755-e4d366fc3c79/go.mod h1:JAlM8MvJe8wmxCU4Bli9HhUf9+ttbYbLASfIpnQbh74=
